
Microsoft Visual Studio Solution File, Format Version 12.00
# Visual Studio Version 16
VisualStudioVersion = 16.0.29519.181
MinimumVisualStudioVersion = 10.0.40219.1
Project("{FAE04EC0-301F-11D3-BF4B-00C04F79EFBC}") = "NeverEndingAndroidService", "NeverEndingAndroidService\NeverEndingAndroidService.csproj", "{F0AD2683-9516-4D43-820B-7863524E1AC2}"
EndProject
Global
	GlobalSection(SolutionConfigurationPlatforms) = preSolution
		Debug|Any CPU = Debug|Any CPU
		Release|Any CPU = Release|Any CPU
	EndGlobalSection
	GlobalSection(ProjectConfigurationPlatforms) = postSolution
		{F0AD2683-9516-4D43-820B-7863524E1AC2}.Debug|Any CPU.ActiveCfg = Debug|Any CPU
		{F0AD2683-9516-4D43-820B-7863524E1AC2}.Debug|Any CPU.Build.0 = Debug|Any CPU
		{F0AD2683-9516-4D43-820B-7863524E1AC2}.Debug|Any CPU.Deploy.0 = Debug|Any CPU
		{F0AD2683-9516-4D43-820B-7863524E1AC2}.Release|Any CPU.ActiveCfg = Release|Any CPU
		{F0AD2683-9516-4D43-820B-7863524E1AC2}.Release|Any CPU.Build.0 = Release|Any CPU
		{F0AD2683-9516-4D43-820B-7863524E1AC2}.Release|Any CPU.Deploy.0 = Release|Any CPU
	EndGlobalSection
	GlobalSection(SolutionProperties) = preSolution
		HideSolutionNode = FALSE
	EndGlobalSection
	GlobalSection(ExtensibilityGlobals) = postSolution
		SolutionGuid = {D9969B34-66FD-4764-88FD-147587ADE4F9}
	EndGlobalSection
EndGlobal
